{
  "pins" : [
    {
      "identity" : "appauth-ios",
      "kind" : "remoteSourceControl",
      "location" : "https://github.com/openid/AppAuth-iOS.git",
      "state" : {
        "revision" : "7e2c09cbeb3bb799f26c268dbedb26325ea722a9",
        "version" : "1.7.3"
      }
    },
    {
      "identity" : "asynclocationkit",
      "kind" : "remoteSourceControl",
      "location" : "https://github.com/AsyncSwift/AsyncLocationKit.git",
      "state" : {
        "revision" : "4fb1ba1865dacc4dff1d5529af26abbbebc934bc",
        "version" : "1.6.2"
      }
    },
    {
      "identity" : "mobile-native-ios",
      "kind" : "remoteSourceControl",
      "location" : "https://github.com/iTwin/mobile-native-ios",
      "state" : {
        "revision" : "5a1cd9e2d699007151a930bf2ef64e8226f589bd",
        "version" : "4.8.40"
      }
    },
    {
      "identity" : "mobile-sdk-ios",
      "kind" : "remoteSourceControl",
      "location" : "https://github.com/iTwin/mobile-sdk-ios.git",
      "state" : {
        "revision" : "ba916358f43a14f02ea7e7ef15740d5861f2e043",
        "version" : "0.22.12"
      }
    },
    {
      "identity" : "reachability.swift",
      "kind" : "remoteSourceControl",
      "location" : "https://github.com/ashleymills/Reachability.swift",
      "state" : {
        "revision" : "c01bbdf2d633cf049ae1ed1a68a2020a8bda32e2",
        "version" : "5.1.0"
      }
    },
    {
      "identity" : "showtime",
      "kind" : "remoteSourceControl",
      "location" : "https://github.com/KaneCheshire/ShowTime.git",
      "state" : {
        "revision" : "f4e976931fc5f9b7a7d011f40c62a250c4ff53ab",
        "version" : "2.5.3"
      }
    }
  ],
  "version" : 2
}
