// !$*UTF8*$!
{
	archiveVersion = 1;
	classes = {
	};
	objectVersion = 54;
	objects = {

/* Begin PBXBuildFile section */
		1F2D7B642742D38B00AAB11E /* PrintLogger.swift in Sources */ = {isa = PBXBuildFile; fileRef = 1F2D7B632742D38B00AAB11E /* PrintLogger.swift */; };
		1F91401E288090A800AF39D8 /* ImageSharer.swift in Sources */ = {isa = PBXBuildFile; fileRef = 1F914019288090A700AF39D8 /* ImageSharer.swift */; };
		1F91401F288090A800AF39D8 /* ImageCacheSchemeHandler.swift in Sources */ = {isa = PBXBuildFile; fileRef = 1F91401A288090A700AF39D8 /* ImageCacheSchemeHandler.swift */; };
		1F914020288090A800AF39D8 /* ImagePicker.swift in Sources */ = {isa = PBXBuildFile; fileRef = 1F91401B288090A700AF39D8 /* ImagePicker.swift */; };
		1F914021288090A800AF39D8 /* CamModelApplication.swift in Sources */ = {isa = PBXBuildFile; fileRef = 1F91401C288090A700AF39D8 /* CamModelApplication.swift */; };
		1F914022288090A800AF39D8 /* ImageCache.swift in Sources */ = {isa = PBXBuildFile; fileRef = 1F91401D288090A800AF39D8 /* ImageCache.swift */; };
		1FC11154261FC44900835E6E /* AppDelegate.swift in Sources */ = {isa = PBXBuildFile; fileRef = 1FC11153261FC44900835E6E /* AppDelegate.swift */; };
		1FC11156261FC44900835E6E /* SceneDelegate.swift in Sources */ = {isa = PBXBuildFile; fileRef = 1FC11155261FC44900835E6E /* SceneDelegate.swift */; };
		1FC1115B261FC44900835E6E /* Main.storyboard in Resources */ = {isa = PBXBuildFile; fileRef = 1FC11159261FC44900835E6E /* Main.storyboard */; };
		1FC1115D261FC44B00835E6E /* Assets.xcassets in Resources */ = {isa = PBXBuildFile; fileRef = 1FC1115C261FC44B00835E6E /* Assets.xcassets */; };
		1FC11160261FC44B00835E6E /* LaunchScreen.storyboard in Resources */ = {isa = PBXBuildFile; fileRef = 1FC1115E261FC44B00835E6E /* LaunchScreen.storyboard */; };
		1FD4F69D276C102300EE935B /* ShowTime in Frameworks */ = {isa = PBXBuildFile; productRef = 1FD4F69C276C102300EE935B /* ShowTime */; };
		1FE23C032937E48800D08DF9 /* ActivityTimer.swift in Sources */ = {isa = PBXBuildFile; fileRef = 1FE23C022937E48800D08DF9 /* ActivityTimer.swift */; };
		1FF1B9AC26BDCC35006D6385 /* ITwinMobile in Frameworks */ = {isa = PBXBuildFile; productRef = 1FF1B9AB26BDCC35006D6385 /* ITwinMobile */; };
		5FD7518826DD9DCD00DC3060 /* DocumentPicker.swift in Sources */ = {isa = PBXBuildFile; fileRef = 5FD7518626DD9DCD00DC3060 /* DocumentPicker.swift */; };
		5FD7518926DD9DCD00DC3060 /* ModelApplication.swift in Sources */ = {isa = PBXBuildFile; fileRef = 5FD7518726DD9DCD00DC3060 /* ModelApplication.swift */; };
/* End PBXBuildFile section */

/* Begin PBXFileReference section */
		1F2D7B632742D38B00AAB11E /* PrintLogger.swift */ = {isa = PBXFileReference; lastKnownFileType = sourcecode.swift; path = PrintLogger.swift; sourceTree = "<group>"; };
		1F6EB10C26D46210003BA335 /* ITMApplication.xcconfig */ = {isa = PBXFileReference; lastKnownFileType = text.xcconfig; name = ITMApplication.xcconfig; path = ../ITMApplication.xcconfig; sourceTree = "<group>"; };
		1F914019288090A700AF39D8 /* ImageSharer.swift */ = {isa = PBXFileReference; fileEncoding = 4; lastKnownFileType = sourcecode.swift; path = ImageSharer.swift; sourceTree = "<group>"; };
		1F91401A288090A700AF39D8 /* ImageCacheSchemeHandler.swift */ = {isa = PBXFileReference; fileEncoding = 4; lastKnownFileType = sourcecode.swift; path = ImageCacheSchemeHandler.swift; sourceTree = "<group>"; };
		1F91401B288090A700AF39D8 /* ImagePicker.swift */ = {isa = PBXFileReference; fileEncoding = 4; lastKnownFileType = sourcecode.swift; path = ImagePicker.swift; sourceTree = "<group>"; };
		1F91401C288090A700AF39D8 /* CamModelApplication.swift */ = {isa = PBXFileReference; fileEncoding = 4; lastKnownFileType = sourcecode.swift; path = CamModelApplication.swift; sourceTree = "<group>"; };
		1F91401D288090A800AF39D8 /* ImageCache.swift */ = {isa = PBXFileReference; fileEncoding = 4; lastKnownFileType = sourcecode.swift; path = ImageCache.swift; sourceTree = "<group>"; };
		1FC11150261FC44900835E6E /* iTwin CamSample.app */ = {isa = PBXFileReference; explicitFileType = wrapper.application; includeInIndex = 0; path = "iTwin CamSample.app"; sourceTree = BUILT_PRODUCTS_DIR; };
		1FC11153261FC44900835E6E /* AppDelegate.swift */ = {isa = PBXFileReference; lastKnownFileType = sourcecode.swift; path = AppDelegate.swift; sourceTree = "<group>"; };
		1FC11155261FC44900835E6E /* SceneDelegate.swift */ = {isa = PBXFileReference; lastKnownFileType = sourcecode.swift; path = SceneDelegate.swift; sourceTree = "<group>"; };
		1FC1115A261FC44900835E6E /* Base */ = {isa = PBXFileReference; lastKnownFileType = file.storyboard; name = Base; path = Base.lproj/Main.storyboard; sourceTree = "<group>"; };
		1FC1115C261FC44B00835E6E /* Assets.xcassets */ = {isa = PBXFileReference; lastKnownFileType = folder.assetcatalog; path = Assets.xcassets; sourceTree = "<group>"; };
		1FC1115F261FC44B00835E6E /* Base */ = {isa = PBXFileReference; lastKnownFileType = file.storyboard; name = Base; path = Base.lproj/LaunchScreen.storyboard; sourceTree = "<group>"; };
		1FC11161261FC44B00835E6E /* Info.plist */ = {isa = PBXFileReference; lastKnownFileType = text.plist.xml; path = Info.plist; sourceTree = "<group>"; };
		1FE23C022937E48800D08DF9 /* ActivityTimer.swift */ = {isa = PBXFileReference; fileEncoding = 4; lastKnownFileType = sourcecode.swift; path = ActivityTimer.swift; sourceTree = "<group>"; };
		1FE3B33B26D413DA004DD154 /* iOSSamples.xcconfig */ = {isa = PBXFileReference; lastKnownFileType = text.xcconfig; name = iOSSamples.xcconfig; path = ../iOSSamples.xcconfig; sourceTree = "<group>"; };
		1FFD587A271DF094005B37DA /* README.md */ = {isa = PBXFileReference; lastKnownFileType = net.daringfireball.markdown; name = README.md; path = ../README.md; sourceTree = "<group>"; };
		5FB2050426CF29A500C4DBE1 /* itwin-mobile-sdk-ios */ = {isa = PBXFileReference; lastKnownFileType = folder; name = "itwin-mobile-sdk-ios"; path = "../../../mobile-sdk-ios"; sourceTree = "<group>"; };
		5FD7518626DD9DCD00DC3060 /* DocumentPicker.swift */ = {isa = PBXFileReference; fileEncoding = 4; lastKnownFileType = sourcecode.swift; path = DocumentPicker.swift; sourceTree = "<group>"; };
		5FD7518726DD9DCD00DC3060 /* ModelApplication.swift */ = {isa = PBXFileReference; fileEncoding = 4; lastKnownFileType = sourcecode.swift; path = ModelApplication.swift; sourceTree = "<group>"; };
/* End PBXFileReference section */

/* Begin PBXFrameworksBuildPhase section */
		1FC1114D261FC44900835E6E /* Frameworks */ = {
			isa = PBXFrameworksBuildPhase;
			buildActionMask = 2147483647;
			files = (
				1FD4F69D276C102300EE935B /* ShowTime in Frameworks */,
				1FF1B9AC26BDCC35006D6385 /* ITwinMobile in Frameworks */,
			);
			runOnlyForDeploymentPostprocessing = 0;
		};
/* End PBXFrameworksBuildPhase section */

/* Begin PBXGroup section */
		1FC11147261FC44900835E6E = {
			isa = PBXGroup;
			children = (
				1FFD587A271DF094005B37DA /* README.md */,
				1FE3B33B26D413DA004DD154 /* iOSSamples.xcconfig */,
				1F6EB10C26D46210003BA335 /* ITMApplication.xcconfig */,
				5FB2050426CF29A500C4DBE1 /* itwin-mobile-sdk-ios */,
				1FC11152261FC44900835E6E /* CameraSample */,
				1FC11151261FC44900835E6E /* Products */,
			);
			sourceTree = "<group>";
		};
		1FC11151261FC44900835E6E /* Products */ = {
			isa = PBXGroup;
			children = (
				1FC11150261FC44900835E6E /* iTwin CamSample.app */,
			);
			name = Products;
			sourceTree = "<group>";
		};
		1FC11152261FC44900835E6E /* CameraSample */ = {
			isa = PBXGroup;
			children = (
				5FD7518526DD9DCD00DC3060 /* Shared */,
				1FC11153261FC44900835E6E /* AppDelegate.swift */,
				1F91401C288090A700AF39D8 /* CamModelApplication.swift */,
				1F91401D288090A800AF39D8 /* ImageCache.swift */,
				1F91401A288090A700AF39D8 /* ImageCacheSchemeHandler.swift */,
				1F91401B288090A700AF39D8 /* ImagePicker.swift */,
				1F914019288090A700AF39D8 /* ImageSharer.swift */,
				1FC11155261FC44900835E6E /* SceneDelegate.swift */,
				1FC11159261FC44900835E6E /* Main.storyboard */,
				1FC1115C261FC44B00835E6E /* Assets.xcassets */,
				1FC1115E261FC44B00835E6E /* LaunchScreen.storyboard */,
				1FC11161261FC44B00835E6E /* Info.plist */,
			);
			path = CameraSample;
			sourceTree = "<group>";
		};
		5FD7518526DD9DCD00DC3060 /* Shared */ = {
			isa = PBXGroup;
			children = (
				1FE23C022937E48800D08DF9 /* ActivityTimer.swift */,
				5FD7518626DD9DCD00DC3060 /* DocumentPicker.swift */,
				5FD7518726DD9DCD00DC3060 /* ModelApplication.swift */,
				1F2D7B632742D38B00AAB11E /* PrintLogger.swift */,
			);
			name = Shared;
			path = ../../Shared;
			sourceTree = "<group>";
		};
/* End PBXGroup section */

/* Begin PBXNativeTarget section */
		1FC1114F261FC44900835E6E /* CameraSample */ = {
			isa = PBXNativeTarget;
			buildConfigurationList = 1FC11164261FC44B00835E6E /* Build configuration list for PBXNativeTarget "CameraSample" */;
			buildPhases = (
				1FC1114C261FC44900835E6E /* Sources */,
				1FC1114D261FC44900835E6E /* Frameworks */,
				1FC1114E261FC44900835E6E /* Resources */,
				1F967D1A2620F62E00839493 /* Check react-app */,
				1FCA80062620B9CF002F1F76 /* Copy web app assets */,
			);
			buildRules = (
			);
			dependencies = (
			);
			name = CameraSample;
			packageProductDependencies = (
				1FF1B9AB26BDCC35006D6385 /* ITwinMobile */,
				1FD4F69C276C102300EE935B /* ShowTime */,
			);
			productName = CameraSample;
			productReference = 1FC11150261FC44900835E6E /* iTwin CamSample.app */;
			productType = "com.apple.product-type.application";
		};
/* End PBXNativeTarget section */

/* Begin PBXProject section */
		1FC11148261FC44900835E6E /* Project object */ = {
			isa = PBXProject;
			attributes = {
				LastSwiftUpdateCheck = 1240;
				LastUpgradeCheck = 1240;
				TargetAttributes = {
					1FC1114F261FC44900835E6E = {
						CreatedOnToolsVersion = 12.4;
					};
				};
			};
			buildConfigurationList = 1FC1114B261FC44900835E6E /* Build configuration list for PBXProject "LocalSDK_CameraSample" */;
			compatibilityVersion = "Xcode 9.3";
			developmentRegion = en;
			hasScannedForEncodings = 0;
			knownRegions = (
				en,
				Base,
			);
			mainGroup = 1FC11147261FC44900835E6E;
			packageReferences = (
				1FF1B9AA26BDCC35006D6385 /* XCRemoteSwiftPackageReference "mobile-sdk-ios" */,
				1FD4F69B276C102300EE935B /* XCRemoteSwiftPackageReference "ShowTime" */,
			);
			productRefGroup = 1FC11151261FC44900835E6E /* Products */;
			projectDirPath = "";
			projectRoot = "";
			targets = (
				1FC1114F261FC44900835E6E /* CameraSample */,
			);
		};
/* End PBXProject section */

/* Begin PBXResourcesBuildPhase section */
		1FC1114E261FC44900835E6E /* Resources */ = {
			isa = PBXResourcesBuildPhase;
			buildActionMask = 2147483647;
			files = (
				1FC11160261FC44B00835E6E /* LaunchScreen.storyboard in Resources */,
				1FC1115D261FC44B00835E6E /* Assets.xcassets in Resources */,
				1FC1115B261FC44900835E6E /* Main.storyboard in Resources */,
			);
			runOnlyForDeploymentPostprocessing = 0;
		};
/* End PBXResourcesBuildPhase section */

/* Begin PBXShellScriptBuildPhase section */
		1F967D1A2620F62E00839493 /* Check react-app */ = {
			isa = PBXShellScriptBuildPhase;
			alwaysOutOfDate = 1;
			buildActionMask = 12;
			files = (
			);
			inputFileListPaths = (
			);
			inputPaths = (
			);
			name = "Check react-app";
			outputFileListPaths = (
			);
			outputPaths = (
			);
			runOnlyForDeploymentPostprocessing = 0;
			shellPath = /bin/sh;
			shellScript = "cd \"${PROJECT_DIR}/../../cross-platform/react-app\"\nif [[ ! -d node_modules ]]; then\n  echo Cannot find react-app/node_modules. Please follow the steps in iOS/REAMDE.md.\n  exit 1\nfi\nif [[ ! -d build ]]; then\n  echo Cannot find react-app/build. Please follow the steps in iOS/README.md.\n  exit 1\nfi\nif [[ ! -d lib ]]; then\n  echo Cannot find react-app/lib. Please follow the steps in iOS/README.md.\n  exit 1\nfi\n";
			showEnvVarsInLog = 0;
		};
		1FCA80062620B9CF002F1F76 /* Copy web app assets */ = {
			isa = PBXShellScriptBuildPhase;
			alwaysOutOfDate = 1;
			buildActionMask = 2147483647;
			files = (
			);
			inputFileListPaths = (
			);
			inputPaths = (
			);
			name = "Copy web app assets";
			outputFileListPaths = (
			);
			outputPaths = (
			);
			runOnlyForDeploymentPostprocessing = 0;
			shellPath = /bin/sh;
			shellScript = "\"${PROJECT_DIR}/../CopyWebAppAssets.sh\"\n";
		};
/* End PBXShellScriptBuildPhase section */

/* Begin PBXSourcesBuildPhase section */
		1FC1114C261FC44900835E6E /* Sources */ = {
			isa = PBXSourcesBuildPhase;
			buildActionMask = 2147483647;
			files = (
				1F91401E288090A800AF39D8 /* ImageSharer.swift in Sources */,
				1FC11154261FC44900835E6E /* AppDelegate.swift in Sources */,
				1F914021288090A800AF39D8 /* CamModelApplication.swift in Sources */,
				5FD7518826DD9DCD00DC3060 /* DocumentPicker.swift in Sources */,
				5FD7518926DD9DCD00DC3060 /* ModelApplication.swift in Sources */,
				1F2D7B642742D38B00AAB11E /* PrintLogger.swift in Sources */,
				1F91401F288090A800AF39D8 /* ImageCacheSchemeHandler.swift in Sources */,
				1F914020288090A800AF39D8 /* ImagePicker.swift in Sources */,
				1F914022288090A800AF39D8 /* ImageCache.swift in Sources */,
				1FE23C032937E48800D08DF9 /* ActivityTimer.swift in Sources */,
				1FC11156261FC44900835E6E /* SceneDelegate.swift in Sources */,
			);
			runOnlyForDeploymentPostprocessing = 0;
		};
/* End PBXSourcesBuildPhase section */

/* Begin PBXVariantGroup section */
		1FC11159261FC44900835E6E /* Main.storyboard */ = {
			isa = PBXVariantGroup;
			children = (
				1FC1115A261FC44900835E6E /* Base */,
			);
			name = Main.storyboard;
			sourceTree = "<group>";
		};
		1FC1115E261FC44B00835E6E /* LaunchScreen.storyboard */ = {
			isa = PBXVariantGroup;
			children = (
				1FC1115F261FC44B00835E6E /* Base */,
			);
			name = LaunchScreen.storyboard;
			sourceTree = "<group>";
		};
/* End PBXVariantGroup section */

/* Begin XCBuildConfiguration section */
		1FC11162261FC44B00835E6E /* Debug */ = {
			isa = XCBuildConfiguration;
			baseConfigurationReference = 1FE3B33B26D413DA004DD154 /* iOSSamples.xcconfig */;
			buildSettings = {
				ALWAYS_SEARCH_USER_PATHS = NO;
				CLANG_ANALYZER_NONNULL = YES;
				CLANG_ANALYZER_NUMBER_OBJECT_CONVERSION = YES_AGGRESSIVE;
				CLANG_CXX_LANGUAGE_STANDARD = "gnu++14";
				CLANG_CXX_LIBRARY = "libc++";
				CLANG_ENABLE_MODULES = YES;
				CLANG_ENABLE_OBJC_ARC = YES;
				CLANG_ENABLE_OBJC_WEAK = YES;
				CLANG_WARN_BLOCK_CAPTURE_AUTORELEASING = YES;
				CLANG_WARN_BOOL_CONVERSION = YES;
				CLANG_WARN_COMMA = YES;
				CLANG_WARN_CONSTANT_CONVERSION = YES;
				CLANG_WARN_DEPRECATED_OBJC_IMPLEMENTATIONS = YES;
				CLANG_WARN_DIRECT_OBJC_ISA_USAGE = YES_ERROR;
				CLANG_WARN_DOCUMENTATION_COMMENTS = YES;
				CLANG_WARN_EMPTY_BODY = YES;
				CLANG_WARN_ENUM_CONVERSION = YES;
				CLANG_WARN_INFINITE_RECURSION = YES;
				CLANG_WARN_INT_CONVERSION = YES;
				CLANG_WARN_NON_LITERAL_NULL_CONVERSION = YES;
				CLANG_WARN_OBJC_IMPLICIT_RETAIN_SELF = YES;
				CLANG_WARN_OBJC_LITERAL_CONVERSION = YES;
				CLANG_WARN_OBJC_ROOT_CLASS = YES_ERROR;
				CLANG_WARN_QUOTED_INCLUDE_IN_FRAMEWORK_HEADER = YES;
				CLANG_WARN_RANGE_LOOP_ANALYSIS = YES;
				CLANG_WARN_STRICT_PROTOTYPES = YES;
				CLANG_WARN_SUSPICIOUS_MOVE = YES;
				CLANG_WARN_UNGUARDED_AVAILABILITY = YES_AGGRESSIVE;
				CLANG_WARN_UNREACHABLE_CODE = YES;
				CLANG_WARN__DUPLICATE_METHOD_MATCH = YES;
				COPY_PHASE_STRIP = NO;
				DEBUG_INFORMATION_FORMAT = dwarf;
				ENABLE_STRICT_OBJC_MSGSEND = YES;
				ENABLE_TESTABILITY = YES;
				GCC_C_LANGUAGE_STANDARD = gnu11;
				GCC_DYNAMIC_NO_PIC = NO;
				GCC_NO_COMMON_BLOCKS = YES;
				GCC_OPTIMIZATION_LEVEL = 0;
				GCC_PREPROCESSOR_DEFINITIONS = (
					"DEBUG=1",
					"$(inherited)",
				);
				GCC_WARN_64_TO_32_BIT_CONVERSION = YES;
				GCC_WARN_ABOUT_RETURN_TYPE = YES_ERROR;
				GCC_WARN_UNDECLARED_SELECTOR = YES;
				GCC_WARN_UNINITIALIZED_AUTOS = YES_AGGRESSIVE;
				GCC_WARN_UNUSED_FUNCTION = YES;
				GCC_WARN_UNUSED_VARIABLE = YES;
				IPHONEOS_DEPLOYMENT_TARGET = 13.0;
				MTL_ENABLE_DEBUG_INFO = INCLUDE_SOURCE;
				MTL_FAST_MATH = YES;
				ONLY_ACTIVE_ARCH = YES;
				SDKROOT = iphoneos;
				SWIFT_ACTIVE_COMPILATION_CONDITIONS = DEBUG;
				SWIFT_OPTIMIZATION_LEVEL = "-Onone";
			};
			name = Debug;
		};
		1FC11163261FC44B00835E6E /* Release */ = {
			isa = XCBuildConfiguration;
			baseConfigurationReference = 1FE3B33B26D413DA004DD154 /* iOSSamples.xcconfig */;
			buildSettings = {
				ALWAYS_SEARCH_USER_PATHS = NO;
				CLANG_ANALYZER_NONNULL = YES;
				CLANG_ANALYZER_NUMBER_OBJECT_CONVERSION = YES_AGGRESSIVE;
				CLANG_CXX_LANGUAGE_STANDARD = "gnu++14";
				CLANG_CXX_LIBRARY = "libc++";
				CLANG_ENABLE_MODULES = YES;
				CLANG_ENABLE_OBJC_ARC = YES;
				CLANG_ENABLE_OBJC_WEAK = YES;
				CLANG_WARN_BLOCK_CAPTURE_AUTORELEASING = YES;
				CLANG_WARN_BOOL_CONVERSION = YES;
				CLANG_WARN_COMMA = YES;
				CLANG_WARN_CONSTANT_CONVERSION = YES;
				CLANG_WARN_DEPRECATED_OBJC_IMPLEMENTATIONS = YES;
				CLANG_WARN_DIRECT_OBJC_ISA_USAGE = YES_ERROR;
				CLANG_WARN_DOCUMENTATION_COMMENTS = YES;
				CLANG_WARN_EMPTY_BODY = YES;
				CLANG_WARN_ENUM_CONVERSION = YES;
				CLANG_WARN_INFINITE_RECURSION = YES;
				CLANG_WARN_INT_CONVERSION = YES;
				CLANG_WARN_NON_LITERAL_NULL_CONVERSION = YES;
				CLANG_WARN_OBJC_IMPLICIT_RETAIN_SELF = YES;
				CLANG_WARN_OBJC_LITERAL_CONVERSION = YES;
				CLANG_WARN_OBJC_ROOT_CLASS = YES_ERROR;
				CLANG_WARN_QUOTED_INCLUDE_IN_FRAMEWORK_HEADER = YES;
				CLANG_WARN_RANGE_LOOP_ANALYSIS = YES;
				CLANG_WARN_STRICT_PROTOTYPES = YES;
				CLANG_WARN_SUSPICIOUS_MOVE = YES;
				CLANG_WARN_UNGUARDED_AVAILABILITY = YES_AGGRESSIVE;
				CLANG_WARN_UNREACHABLE_CODE = YES;
				CLANG_WARN__DUPLICATE_METHOD_MATCH = YES;
				COPY_PHASE_STRIP = NO;
				DEBUG_INFORMATION_FORMAT = "dwarf-with-dsym";
				ENABLE_NS_ASSERTIONS = NO;
				ENABLE_STRICT_OBJC_MSGSEND = YES;
				GCC_C_LANGUAGE_STANDARD = gnu11;
				GCC_NO_COMMON_BLOCKS = YES;
				GCC_WARN_64_TO_32_BIT_CONVERSION = YES;
				GCC_WARN_ABOUT_RETURN_TYPE = YES_ERROR;
				GCC_WARN_UNDECLARED_SELECTOR = YES;
				GCC_WARN_UNINITIALIZED_AUTOS = YES_AGGRESSIVE;
				GCC_WARN_UNUSED_FUNCTION = YES;
				GCC_WARN_UNUSED_VARIABLE = YES;
				IPHONEOS_DEPLOYMENT_TARGET = 13.0;
				MTL_ENABLE_DEBUG_INFO = NO;
				MTL_FAST_MATH = YES;
				SDKROOT = iphoneos;
				SWIFT_COMPILATION_MODE = wholemodule;
				SWIFT_OPTIMIZATION_LEVEL = "-O";
				VALIDATE_PRODUCT = YES;
			};
			name = Release;
		};
		1FC11165261FC44B00835E6E /* Debug */ = {
			isa = XCBuildConfiguration;
			buildSettings = {
				ASSETCATALOG_COMPILER_APPICON_NAME = AppIcon;
				ASSETCATALOG_COMPILER_GLOBAL_ACCENT_COLOR_NAME = AccentColor;
				CODE_SIGN_STYLE = Automatic;
				ENABLE_BITCODE = NO;
				INFOPLIST_FILE = CameraSample/Info.plist;
				LD_RUNPATH_SEARCH_PATHS = (
					"$(inherited)",
					"@executable_path/Frameworks",
				);
				PRODUCT_BUNDLE_IDENTIFIER = com.bentley.sample.camera;
				PRODUCT_NAME = "iTwin CamSample";
				SWIFT_VERSION = 5.0;
				TARGETED_DEVICE_FAMILY = "1,2";
			};
			name = Debug;
		};
		1FC11166261FC44B00835E6E /* Release */ = {
			isa = XCBuildConfiguration;
			buildSettings = {
				ASSETCATALOG_COMPILER_APPICON_NAME = AppIcon;
				ASSETCATALOG_COMPILER_GLOBAL_ACCENT_COLOR_NAME = AccentColor;
				CODE_SIGN_STYLE = Automatic;
				ENABLE_BITCODE = NO;
				INFOPLIST_FILE = CameraSample/Info.plist;
				LD_RUNPATH_SEARCH_PATHS = (
					"$(inherited)",
					"@executable_path/Frameworks",
				);
				PRODUCT_BUNDLE_IDENTIFIER = com.bentley.sample.camera;
				PRODUCT_NAME = "iTwin CamSample";
				SWIFT_VERSION = 5.0;
				TARGETED_DEVICE_FAMILY = "1,2";
			};
			name = Release;
		};
/* End XCBuildConfiguration section */

/* Begin XCConfigurationList section */
		1FC1114B261FC44900835E6E /* Build configuration list for PBXProject "LocalSDK_CameraSample" */ = {
			isa = XCConfigurationList;
			buildConfigurations = (
				1FC11162261FC44B00835E6E /* Debug */,
				1FC11163261FC44B00835E6E /* Release */,
			);
			defaultConfigurationIsVisible = 0;
			defaultConfigurationName = Release;
		};
		1FC11164261FC44B00835E6E /* Build configuration list for PBXNativeTarget "CameraSample" */ = {
			isa = XCConfigurationList;
			buildConfigurations = (
				1FC11165261FC44B00835E6E /* Debug */,
				1FC11166261FC44B00835E6E /* Release */,
			);
			defaultConfigurationIsVisible = 0;
			defaultConfigurationName = Release;
		};
/* End XCConfigurationList section */

/* Begin XCRemoteSwiftPackageReference section */
		1FD4F69B276C102300EE935B /* XCRemoteSwiftPackageReference "ShowTime" */ = {
			isa = XCRemoteSwiftPackageReference;
			repositoryURL = "https://github.com/KaneCheshire/ShowTime.git";
			requirement = {
				kind = upToNextMajorVersion;
				minimumVersion = 2.0.0;
			};
		};
		1FF1B9AA26BDCC35006D6385 /* XCRemoteSwiftPackageReference "mobile-sdk-ios" */ = {
			isa = XCRemoteSwiftPackageReference;
			repositoryURL = "https://github.com/iTwin/mobile-sdk-ios.git";
			requirement = {
				kind = exactVersion;
				version = 0.22.18;
			};
		};
/* End XCRemoteSwiftPackageReference section */

/* Begin XCSwiftPackageProductDependency section */
		1FD4F69C276C102300EE935B /* ShowTime */ = {
			isa = XCSwiftPackageProductDependency;
			package = 1FD4F69B276C102300EE935B /* XCRemoteSwiftPackageReference "ShowTime" */;
			productName = ShowTime;
		};
		1FF1B9AB26BDCC35006D6385 /* ITwinMobile */ = {
			isa = XCSwiftPackageProductDependency;
			package = 1FF1B9AA26BDCC35006D6385 /* XCRemoteSwiftPackageReference "mobile-sdk-ios" */;
			productName = ITwinMobile;
		};
/* End XCSwiftPackageProductDependency section */
	};
	rootObject = 1FC11148261FC44900835E6E /* Project object */;
}
