{
  "object": {
    "pins": [
      {
        "package": "AppAuth",
        "repositoryURL": "https://github.com/openid/AppAuth-iOS.git",
        "state": {
          "branch": null,
          "revision": "3d36a58a2b736f7bc499453e996a704929b25080",
          "version": "1.6.0"
        }
      },
      {
        "package": "AsyncLocationKit",
        "repositoryURL": "https://github.com/AsyncSwift/AsyncLocationKit.git",
        "state": {
          "branch": null,
          "revision": "485a6e173d7f73fc7aeb120501810d3310e905be",
          "version": "1.5.6"
        }
      },
      {
        "package": "itwin-mobile-native",
        "repositoryURL": "https://github.com/iTwin/mobile-native-ios",
        "state": {
          "branch": null,
          "revision": "cf8aec992f577a411654585caebf9e9b528708a8",
          "version": "3.6.9"
        }
      },
      {
        "package": "Reachability",
        "repositoryURL": "https://github.com/ashleymills/Reachability.swift",
        "state": {
          "branch": null,
          "revision": "c01bbdf2d633cf049ae1ed1a68a2020a8bda32e2",
          "version": "5.1.0"
        }
      },
      {
        "package": "ShowTime",
        "repositoryURL": "https://github.com/KaneCheshire/ShowTime.git",
        "state": {
          "branch": null,
          "revision": "f4e976931fc5f9b7a7d011f40c62a250c4ff53ab",
          "version": "2.5.3"
        }
      }
    ]
  },
  "version": 1
}
